
Microsoft Visual Studio Solution File, Format Version 12.00
# Visual Studio 15
VisualStudioVersion = 15.0.28307.106
MinimumVisualStudioVersion = 10.0.40219.1
Project("{9A19103F-16F7-4668-BE54-9A1E7A4F7556}") = "FoundationCore.ObjectHydrator", "FoundationCore.ObjectHydrator\FoundationCore.ObjectHydrator.csproj", "{8F27279E-7D8E-4E36-807E-94EFD9DE2A50}"
EndProject
Project("{9A19103F-16F7-4668-BE54-9A1E7A4F7556}") = "FoundationCore.ObjectHydrator.Tests", "FoundationCore.ObjectHydrator.Tests\FoundationCore.ObjectHydrator.Tests.csproj", "{30373C57-6B3F-468A-B7C1-5955466AA88A}"
EndProject
Project("{FAE04EC0-301F-11D3-BF4B-00C04F79EFBC}") = "FoundationCore.ObjectHydrator.ConsoleTest", "FoundationCore.ObjectHydrator.ConsoleTest\FoundationCore.ObjectHydrator.ConsoleTest.csproj", "{8EADD171-7989-49B4-B15F-5523504399F9}"
EndProject
Global
	GlobalSection(SolutionConfigurationPlatforms) = preSolution
		Debug|Any CPU = Debug|Any CPU
		Release|Any CPU = Release|Any CPU
	EndGlobalSection
	GlobalSection(ProjectConfigurationPlatforms) = postSolution
		{8F27279E-7D8E-4E36-807E-94EFD9DE2A50}.Debug|Any CPU.ActiveCfg = Debug|Any CPU
		{8F27279E-7D8E-4E36-807E-94EFD9DE2A50}.Debug|Any CPU.Build.0 = Debug|Any CPU
		{8F27279E-7D8E-4E36-807E-94EFD9DE2A50}.Release|Any CPU.ActiveCfg = Release|Any CPU
		{8F27279E-7D8E-4E36-807E-94EFD9DE2A50}.Release|Any CPU.Build.0 = Release|Any CPU
		{30373C57-6B3F-468A-B7C1-5955466AA88A}.Debug|Any CPU.ActiveCfg = Debug|Any CPU
		{30373C57-6B3F-468A-B7C1-5955466AA88A}.Debug|Any CPU.Build.0 = Debug|Any CPU
		{30373C57-6B3F-468A-B7C1-5955466AA88A}.Release|Any CPU.ActiveCfg = Release|Any CPU
		{30373C57-6B3F-468A-B7C1-5955466AA88A}.Release|Any CPU.Build.0 = Release|Any CPU
		{8EADD171-7989-49B4-B15F-5523504399F9}.Debug|Any CPU.ActiveCfg = Debug|Any CPU
		{8EADD171-7989-49B4-B15F-5523504399F9}.Debug|Any CPU.Build.0 = Debug|Any CPU
		{8EADD171-7989-49B4-B15F-5523504399F9}.Release|Any CPU.ActiveCfg = Release|Any CPU
		{8EADD171-7989-49B4-B15F-5523504399F9}.Release|Any CPU.Build.0 = Release|Any CPU
	EndGlobalSection
	GlobalSection(SolutionProperties) = preSolution
		HideSolutionNode = FALSE
	EndGlobalSection
	GlobalSection(ExtensibilityGlobals) = postSolution
		SolutionGuid = {7D801263-C310-43BF-999D-2AEDBD28EC7A}
	EndGlobalSection
EndGlobal
